<?xml version="1.0" encoding="utf-8"?>
<Project ToolsVersion="4.0" xmlns="http://schemas.microsoft.com/developer/msbuild/2003">
  <ItemGroup>
    <ClCompile Include="MembresiaForm.cpp" />
    <ClCompile Include="PaymentMethodForm.cpp" />
    <ClCompile Include="Config.cpp" />
    <ClCompile Include="RegisterForm.cpp" />
    <ClCompile Include="WeatherStationForm.cpp" />
    <ClCompile Include="WeatherStationFormAdmin.cpp" />
    <ClCompile Include="MembershipMaintenanceForm.cpp" />
    <ClCompile Include="Standard.cpp" />
    <ClCompile Include="SensorMaintenanceForm.cpp" />
    <ClCompile Include="AirQMaintenanceForm.cpp" />
    <ClCompile Include="COMaintenanceForm.cpp" />
    <ClCompile Include="TempHumMaintenanceForm.cpp" />
    <ClCompile Include="UserMaintenance.cpp" />
    <ClCompile Include="BasicForm.cpp" />
    <ClCompile Include="WeatherWarningMaintenance.cpp" />
    <ClCompile Include="ErrorWarning.cpp" />
  </ItemGroup>
  <ItemGroup>
    <ClInclude Include="MembresiaForm.h" />
    <ClInclude Include="PaymentMethodForm.h" />
    <ClInclude Include="Config.h" />
    <ClInclude Include="RegisterForm.h" />
    <ClInclude Include="WeatherStationForm.h" />
    <ClInclude Include="WeatherStationFormAdmin.h" />
    <ClInclude Include="MembershipMaintenanceForm.h" />
    <ClInclude Include="Standard.h" />
    <ClInclude Include="SensorMaintenanceForm.h" />
    <ClInclude Include="AirQMaintenanceForm.h" />
    <ClInclude Include="COMaintenanceForm.h" />
    <ClInclude Include="TempHumMaintenanceForm.h" />
    <ClInclude Include="UserMaintenance.h" />
    <ClInclude Include="BasicForm.h" />
	<ClInclude Include="WeatherWarningMaintenance.h" />
    <ClInclude Include="ErrorWarning.h" />
    <ClInclude Include="resource.h" />
  </ItemGroup>
  <ItemGroup>
    <ResourceCompile Include="WeatherStationView.rc" />
  </ItemGroup>
  <ItemGroup>
    <Image Include="LogoPrincipal.jpg" />
    <Image Include="LogoPrueba.jpg" />
    <Image Include="BIBLIOTECA CENTRAL.jpg" />
    <Image Include="CIA.jpeg" />
    <Image Include="FACI.jpg" />
    <Image Include="LogoPrueba2.jpg" />
    <Image Include="TINKUY.jpg" /> 
  </ItemGroup>
</Project>